
Microsoft Visual Studio Solution File, Format Version 12.00
# Visual Studio Version 16
VisualStudioVersion = 16.0.32228.343
MinimumVisualStudioVersion = 10.0.40219.1
Project("{FAE04EC0-301F-11D3-BF4B-00C04F79EFBC}") = "StudentManagement", "StudentManagement\StudentManagement.csproj", "{1AA3C28F-F179-4446-9090-C38A97C373A0}"
EndProject
Global
	GlobalSection(SolutionConfigurationPlatforms) = preSolution
		Debug|Any CPU = Debug|Any CPU
		Release|Any CPU = Release|Any CPU
	EndGlobalSection
	GlobalSection(ProjectConfigurationPlatforms) = postSolution
		{1AA3C28F-F179-4446-9090-C38A97C373A0}.Debug|Any CPU.ActiveCfg = Debug|Any CPU
		{1AA3C28F-F179-4446-9090-C38A97C373A0}.Debug|Any CPU.Build.0 = Debug|Any CPU
		{1AA3C28F-F179-4446-9090-C38A97C373A0}.Release|Any CPU.ActiveCfg = Release|Any CPU
		{1AA3C28F-F179-4446-9090-C38A97C373A0}.Release|Any CPU.Build.0 = Release|Any CPU
	EndGlobalSection
	GlobalSection(SolutionProperties) = preSolution
		HideSolutionNode = FALSE
	EndGlobalSection
	GlobalSection(ExtensibilityGlobals) = postSolution
		SolutionGuid = {A586F790-F71A-45F1-A03E-786FD472D454}
	EndGlobalSection
EndGlobal
